
Microsoft Visual Studio Solution File, Format Version 12.00
# Visual Studio Version 16
VisualStudioVersion = 16.0.29519.87
MinimumVisualStudioVersion = 10.0.40219.1
Project("{FAE04EC0-301F-11D3-BF4B-00C04F79EFBC}") = "ApiREST", "ApiREST\ApiREST.csproj", "{4ABFA2AA-CDA2-4A54-84D3-68BAEFCE378E}"
EndProject
Global
	GlobalSection(SolutionConfigurationPlatforms) = preSolution
		Debug|Any CPU = Debug|Any CPU
		Release|Any CPU = Release|Any CPU
	EndGlobalSection
	GlobalSection(ProjectConfigurationPlatforms) = postSolution
		{4ABFA2AA-CDA2-4A54-84D3-68BAEFCE378E}.Debug|Any CPU.ActiveCfg = Debug|Any CPU
		{4ABFA2AA-CDA2-4A54-84D3-68BAEFCE378E}.Debug|Any CPU.Build.0 = Debug|Any CPU
		{4ABFA2AA-CDA2-4A54-84D3-68BAEFCE378E}.Release|Any CPU.ActiveCfg = Release|Any CPU
		{4ABFA2AA-CDA2-4A54-84D3-68BAEFCE378E}.Release|Any CPU.Build.0 = Release|Any CPU
	EndGlobalSection
	GlobalSection(SolutionProperties) = preSolution
		HideSolutionNode = FALSE
	EndGlobalSection
	GlobalSection(ExtensibilityGlobals) = postSolution
		SolutionGuid = {30B308D1-0B0A-492F-91A0-28E68B6E1E1E}
	EndGlobalSection
EndGlobal
